
Microsoft Visual Studio Solution File, Format Version 12.00
# Visual Studio Version 17
VisualStudioVersion = 17.5.33516.290
MinimumVisualStudioVersion = 10.0.40219.1
Project("{9A19103F-16F7-4668-BE54-9A1E7A4F7556}") = "求平方", "求平方\求平方.csproj", "{36642253-C5C7-40BB-9E23-4690024642F4}"
EndProject
Project("{9A19103F-16F7-4668-BE54-9A1E7A4F7556}") = "求階乘", "求階乘\求階乘.csproj", "{E850E69D-A44B-43DF-AFBC-552ECEA65B49}"
EndProject
Project("{9A19103F-16F7-4668-BE54-9A1E7A4F7556}") = "q的n次方再求和", "q的n次方再求和\q的n次方再求和.csproj", "{86F9C1F0-9A82-496D-98BC-BF539EEBF43B}"
EndProject
Project("{9A19103F-16F7-4668-BE54-9A1E7A4F7556}") = "計算人口複利", "計算人口複利\計算人口複利.csproj", "{B293A86B-72C5-4C46-829B-C8DD66B81BE2}"
EndProject
Project("{9A19103F-16F7-4668-BE54-9A1E7A4F7556}") = "約翰存款複利", "約翰存款複利\約翰存款複利.csproj", "{13420B89-B6B4-4BC0-A7CB-7B7B26990711}"
EndProject
Project("{9A19103F-16F7-4668-BE54-9A1E7A4F7556}") = "水仙花數", "水仙花數\水仙花數.csproj", "{0C16E7F4-4D0A-4186-9C91-EA3C46EFCCAC}"
EndProject
Project("{9A19103F-16F7-4668-BE54-9A1E7A4F7556}") = "輸出未知整數各位", "輸出未知整數各位\輸出未知整數各位.csproj", "{01B304C7-BAD2-4926-8117-00D1055685AD}"
EndProject
Project("{9A19103F-16F7-4668-BE54-9A1E7A4F7556}") = "輸出未知整數各位2 修剪這個整數", "輸出未知整數各位2 修剪這個整數\輸出未知整數各位2 修剪這個整數.csproj", "{B405A063-D0E2-469A-8B14-0B04412A35EC}"
EndProject
Project("{9A19103F-16F7-4668-BE54-9A1E7A4F7556}") = "GPTtimer", "GPTtimer\GPTtimer.csproj", "{6B51533D-161F-465D-BF09-65C8E4A713F7}"
EndProject
Project("{9A19103F-16F7-4668-BE54-9A1E7A4F7556}") = "GPT PC program", "GPT PC program\GPT PC program.csproj", "{4728ECED-4719-40E0-BFB2-C6D3975FE944}"
EndProject
Project("{9A19103F-16F7-4668-BE54-9A1E7A4F7556}") = "GPT模擬簡單銀行系統", "GPT模擬簡單銀行系統\GPT模擬簡單銀行系統.csproj", "{868A37B5-9777-4BF3-B0F2-EDD5A6D9C45C}"
EndProject
Project("{9A19103F-16F7-4668-BE54-9A1E7A4F7556}") = "GPTls", "GPTls\GPTls.csproj", "{22CF5DDE-5F3F-4623-AF69-216DAC006087}"
EndProject
Project("{9A19103F-16F7-4668-BE54-9A1E7A4F7556}") = "GPT模擬稍複雜銀行系統", "GPT模擬稍複雜銀行系統\GPT模擬稍複雜銀行系統.csproj", "{AC8554AC-8953-435F-AC75-E505BD581B1A}"
EndProject
Project("{FAE04EC0-301F-11D3-BF4B-00C04F79EFBC}") = "GPT稍複雜銀行系統寫法2", "GPT稍複雜銀行系統寫法2\GPT稍複雜銀行系統寫法2.csproj", "{0A4EDFD3-DE96-4FB8-9CDA-5329E37E73BC}"
EndProject
Global
	GlobalSection(SolutionConfigurationPlatforms) = preSolution
		Debug|Any CPU = Debug|Any CPU
		Release|Any CPU = Release|Any CPU
	EndGlobalSection
	GlobalSection(ProjectConfigurationPlatforms) = postSolution
		{36642253-C5C7-40BB-9E23-4690024642F4}.Debug|Any CPU.ActiveCfg = Debug|Any CPU
		{36642253-C5C7-40BB-9E23-4690024642F4}.Debug|Any CPU.Build.0 = Debug|Any CPU
		{36642253-C5C7-40BB-9E23-4690024642F4}.Release|Any CPU.ActiveCfg = Release|Any CPU
		{36642253-C5C7-40BB-9E23-4690024642F4}.Release|Any CPU.Build.0 = Release|Any CPU
		{E850E69D-A44B-43DF-AFBC-552ECEA65B49}.Debug|Any CPU.ActiveCfg = Debug|Any CPU
		{E850E69D-A44B-43DF-AFBC-552ECEA65B49}.Debug|Any CPU.Build.0 = Debug|Any CPU
		{E850E69D-A44B-43DF-AFBC-552ECEA65B49}.Release|Any CPU.ActiveCfg = Release|Any CPU
		{E850E69D-A44B-43DF-AFBC-552ECEA65B49}.Release|Any CPU.Build.0 = Release|Any CPU
		{86F9C1F0-9A82-496D-98BC-BF539EEBF43B}.Debug|Any CPU.ActiveCfg = Debug|Any CPU
		{86F9C1F0-9A82-496D-98BC-BF539EEBF43B}.Debug|Any CPU.Build.0 = Debug|Any CPU
		{86F9C1F0-9A82-496D-98BC-BF539EEBF43B}.Release|Any CPU.ActiveCfg = Release|Any CPU
		{86F9C1F0-9A82-496D-98BC-BF539EEBF43B}.Release|Any CPU.Build.0 = Release|Any CPU
		{B293A86B-72C5-4C46-829B-C8DD66B81BE2}.Debug|Any CPU.ActiveCfg = Debug|Any CPU
		{B293A86B-72C5-4C46-829B-C8DD66B81BE2}.Debug|Any CPU.Build.0 = Debug|Any CPU
		{B293A86B-72C5-4C46-829B-C8DD66B81BE2}.Release|Any CPU.ActiveCfg = Release|Any CPU
		{B293A86B-72C5-4C46-829B-C8DD66B81BE2}.Release|Any CPU.Build.0 = Release|Any CPU
		{13420B89-B6B4-4BC0-A7CB-7B7B26990711}.Debug|Any CPU.ActiveCfg = Debug|Any CPU
		{13420B89-B6B4-4BC0-A7CB-7B7B26990711}.Debug|Any CPU.Build.0 = Debug|Any CPU
		{13420B89-B6B4-4BC0-A7CB-7B7B26990711}.Release|Any CPU.ActiveCfg = Release|Any CPU
		{13420B89-B6B4-4BC0-A7CB-7B7B26990711}.Release|Any CPU.Build.0 = Release|Any CPU
		{0C16E7F4-4D0A-4186-9C91-EA3C46EFCCAC}.Debug|Any CPU.ActiveCfg = Debug|Any CPU
		{0C16E7F4-4D0A-4186-9C91-EA3C46EFCCAC}.Debug|Any CPU.Build.0 = Debug|Any CPU
		{0C16E7F4-4D0A-4186-9C91-EA3C46EFCCAC}.Release|Any CPU.ActiveCfg = Release|Any CPU
		{0C16E7F4-4D0A-4186-9C91-EA3C46EFCCAC}.Release|Any CPU.Build.0 = Release|Any CPU
		{01B304C7-BAD2-4926-8117-00D1055685AD}.Debug|Any CPU.ActiveCfg = Debug|Any CPU
		{01B304C7-BAD2-4926-8117-00D1055685AD}.Debug|Any CPU.Build.0 = Debug|Any CPU
		{01B304C7-BAD2-4926-8117-00D1055685AD}.Release|Any CPU.ActiveCfg = Release|Any CPU
		{01B304C7-BAD2-4926-8117-00D1055685AD}.Release|Any CPU.Build.0 = Release|Any CPU
		{B405A063-D0E2-469A-8B14-0B04412A35EC}.Debug|Any CPU.ActiveCfg = Debug|Any CPU
		{B405A063-D0E2-469A-8B14-0B04412A35EC}.Debug|Any CPU.Build.0 = Debug|Any CPU
		{B405A063-D0E2-469A-8B14-0B04412A35EC}.Release|Any CPU.ActiveCfg = Release|Any CPU
		{B405A063-D0E2-469A-8B14-0B04412A35EC}.Release|Any CPU.Build.0 = Release|Any CPU
		{6B51533D-161F-465D-BF09-65C8E4A713F7}.Debug|Any CPU.ActiveCfg = Debug|Any CPU
		{6B51533D-161F-465D-BF09-65C8E4A713F7}.Debug|Any CPU.Build.0 = Debug|Any CPU
		{6B51533D-161F-465D-BF09-65C8E4A713F7}.Release|Any CPU.ActiveCfg = Release|Any CPU
		{6B51533D-161F-465D-BF09-65C8E4A713F7}.Release|Any CPU.Build.0 = Release|Any CPU
		{4728ECED-4719-40E0-BFB2-C6D3975FE944}.Debug|Any CPU.ActiveCfg = Debug|Any CPU
		{4728ECED-4719-40E0-BFB2-C6D3975FE944}.Debug|Any CPU.Build.0 = Debug|Any CPU
		{4728ECED-4719-40E0-BFB2-C6D3975FE944}.Release|Any CPU.ActiveCfg = Release|Any CPU
		{4728ECED-4719-40E0-BFB2-C6D3975FE944}.Release|Any CPU.Build.0 = Release|Any CPU
		{868A37B5-9777-4BF3-B0F2-EDD5A6D9C45C}.Debug|Any CPU.ActiveCfg = Debug|Any CPU
		{868A37B5-9777-4BF3-B0F2-EDD5A6D9C45C}.Debug|Any CPU.Build.0 = Debug|Any CPU
		{868A37B5-9777-4BF3-B0F2-EDD5A6D9C45C}.Release|Any CPU.ActiveCfg = Release|Any CPU
		{868A37B5-9777-4BF3-B0F2-EDD5A6D9C45C}.Release|Any CPU.Build.0 = Release|Any CPU
		{22CF5DDE-5F3F-4623-AF69-216DAC006087}.Debug|Any CPU.ActiveCfg = Debug|Any CPU
		{22CF5DDE-5F3F-4623-AF69-216DAC006087}.Debug|Any CPU.Build.0 = Debug|Any CPU
		{22CF5DDE-5F3F-4623-AF69-216DAC006087}.Release|Any CPU.ActiveCfg = Release|Any CPU
		{22CF5DDE-5F3F-4623-AF69-216DAC006087}.Release|Any CPU.Build.0 = Release|Any CPU
		{AC8554AC-8953-435F-AC75-E505BD581B1A}.Debug|Any CPU.ActiveCfg = Debug|Any CPU
		{AC8554AC-8953-435F-AC75-E505BD581B1A}.Debug|Any CPU.Build.0 = Debug|Any CPU
		{AC8554AC-8953-435F-AC75-E505BD581B1A}.Release|Any CPU.ActiveCfg = Release|Any CPU
		{AC8554AC-8953-435F-AC75-E505BD581B1A}.Release|Any CPU.Build.0 = Release|Any CPU
		{0A4EDFD3-DE96-4FB8-9CDA-5329E37E73BC}.Debug|Any CPU.ActiveCfg = Debug|Any CPU
		{0A4EDFD3-DE96-4FB8-9CDA-5329E37E73BC}.Debug|Any CPU.Build.0 = Debug|Any CPU
		{0A4EDFD3-DE96-4FB8-9CDA-5329E37E73BC}.Release|Any CPU.ActiveCfg = Release|Any CPU
		{0A4EDFD3-DE96-4FB8-9CDA-5329E37E73BC}.Release|Any CPU.Build.0 = Release|Any CPU
	EndGlobalSection
	GlobalSection(SolutionProperties) = preSolution
		HideSolutionNode = FALSE
	EndGlobalSection
	GlobalSection(ExtensibilityGlobals) = postSolution
		SolutionGuid = {6A2EE512-356E-46DB-8535-3B1E1E93BC2F}
	EndGlobalSection
EndGlobal
